<?xml version="1.0" encoding="utf-8"?>
<Project ToolsVersion="4.0" xmlns="http://schemas.microsoft.com/developer/msbuild/2003">
  <ItemGroup>
    <Filter Include="Source Files">
      <UniqueIdentifier>{4FC737F1-C7A5-4376-A066-2A32D752A2FF}</UniqueIdentifier>
      <Extensions>cpp;c;cc;cxx;def;odl;idl;hpj;bat;asm;asmx</Extensions>
    </Filter>
    <Filter Include="Header Files">
      <UniqueIdentifier>{93995380-89BD-4b04-88EB-625FBE52EBFB}</UniqueIdentifier>
      <Extensions>h;hh;hpp;hxx;hm;inl;inc;xsd</Extensions>
    </Filter>
    <Filter Include="Resource Files">
      <UniqueIdentifier>{67DA6AB6-F800-4c08-8B7A-83BB121AAD01}</UniqueIdentifier>
      <Extensions>rc;ico;cur;bmp;dlg;rc2;rct;bin;rgs;gif;jpg;jpeg;jpe;resx;tiff;tif;png;wav</Extensions>
    </Filter>
  </ItemGroup>
  <ItemGroup>
    <ClCompile Include="AppProcessor.cpp">
      <Filter>Source Files</Filter>
    </ClCompile>
    <ClCompile Include="Attribute.cpp">
      <Filter>Source Files</Filter>
    </ClCompile>
    <ClCompile Include="CommandProcessor.cpp">
      <Filter>Source Files</Filter>
    </ClCompile>
    <ClCompile Include="Database.cpp">
      <Filter>Source Files</Filter>
    </ClCompile>
    <ClCompile Include="DBProcessor.cpp">
      <Filter>Source Files</Filter>
    </ClCompile>
    <ClCompile Include="Filters.cpp">
      <Filter>Source Files</Filter>
    </ClCompile>
    <ClCompile Include="Index.cpp">
      <Filter>Source Files</Filter>
    </ClCompile>
    <ClCompile Include="IndexController.cpp">
      <Filter>Source Files</Filter>
    </ClCompile>
    <ClCompile Include="main.cpp">
      <Filter>Source Files</Filter>
    </ClCompile>
    <ClCompile Include="MyView.cpp">
      <Filter>Source Files</Filter>
    </ClCompile>
    <ClCompile Include="Row.cpp">
      <Filter>Source Files</Filter>
    </ClCompile>
    <ClCompile Include="Schema.cpp">
      <Filter>Source Files</Filter>
    </ClCompile>
    <ClCompile Include="SQLProcessor.cpp">
      <Filter>Source Files</Filter>
    </ClCompile>
    <ClCompile Include="SQLStatements.cpp">
      <Filter>Source Files</Filter>
    </ClCompile>
    <ClCompile Include="Statement.cpp">
      <Filter>Source Files</Filter>
    </ClCompile>
    <ClCompile Include="Storage.cpp">
      <Filter>Source Files</Filter>
    </ClCompile>
    <ClCompile Include="StorageBlock.cpp">
      <Filter>Source Files</Filter>
    </ClCompile>
    <ClCompile Include="StorageBlockCluster.cpp">
      <Filter>Source Files</Filter>
    </ClCompile>
    <ClCompile Include="Test.cpp">
      <Filter>Source Files</Filter>
    </ClCompile>
    <ClCompile Include="Tokenizer.cpp">
      <Filter>Source Files</Filter>
    </ClCompile>
    <ClCompile Include="TokenSequence.cpp">
      <Filter>Source Files</Filter>
    </ClCompile>
  </ItemGroup>
  <ItemGroup>
    <ClInclude Include="AppProcessor.hpp">
      <Filter>Header Files</Filter>
    </ClInclude>
    <ClInclude Include="Attribute.hpp">
      <Filter>Header Files</Filter>
    </ClInclude>
    <ClInclude Include="CommandProcessor.hpp">
      <Filter>Header Files</Filter>
    </ClInclude>
    <ClInclude Include="Components.hpp">
      <Filter>Header Files</Filter>
    </ClInclude>
    <ClInclude Include="Database.hpp">
      <Filter>Header Files</Filter>
    </ClInclude>
    <ClInclude Include="DBProcessor.hpp">
      <Filter>Header Files</Filter>
    </ClInclude>
    <ClInclude Include="Errors.hpp">
      <Filter>Header Files</Filter>
    </ClInclude>
    <ClInclude Include="Filters.hpp">
      <Filter>Header Files</Filter>
    </ClInclude>
    <ClInclude Include="FolderReader.hpp">
      <Filter>Header Files</Filter>
    </ClInclude>
    <ClInclude Include="Helpers.hpp">
      <Filter>Header Files</Filter>
    </ClInclude>
    <ClInclude Include="Index.hpp">
      <Filter>Header Files</Filter>
    </ClInclude>
    <ClInclude Include="IndexController.hpp">
      <Filter>Header Files</Filter>
    </ClInclude>
    <ClInclude Include="keywords.hpp">
      <Filter>Header Files</Filter>
    </ClInclude>
    <ClInclude Include="MyRow.hpp">
      <Filter>Header Files</Filter>
    </ClInclude>
    <ClInclude Include="MyView.hpp">
      <Filter>Header Files</Filter>
    </ClInclude>
    <ClInclude Include="Row.hpp">
      <Filter>Header Files</Filter>
    </ClInclude>
    <ClInclude Include="RowCollection.hpp">
      <Filter>Header Files</Filter>
    </ClInclude>
    <ClInclude Include="Schema.hpp">
      <Filter>Header Files</Filter>
    </ClInclude>
    <ClInclude Include="SQLProcessor.hpp">
      <Filter>Header Files</Filter>
    </ClInclude>
    <ClInclude Include="SQLStatements.hpp">
      <Filter>Header Files</Filter>
    </ClInclude>
    <ClInclude Include="Statement.hpp">
      <Filter>Header Files</Filter>
    </ClInclude>
    <ClInclude Include="Storage.hpp">
      <Filter>Header Files</Filter>
    </ClInclude>
    <ClInclude Include="StorageBlock.hpp">
      <Filter>Header Files</Filter>
    </ClInclude>
    <ClInclude Include="StorageBlockCluster.hpp">
      <Filter>Header Files</Filter>
    </ClInclude>
    <ClInclude Include="Test.hpp">
      <Filter>Header Files</Filter>
    </ClInclude>
    <ClInclude Include="Timer.hpp">
      <Filter>Header Files</Filter>
    </ClInclude>
    <ClInclude Include="Tokenizer.hpp">
      <Filter>Header Files</Filter>
    </ClInclude>
    <ClInclude Include="TokenSequence.hpp">
      <Filter>Header Files</Filter>
    </ClInclude>
    <ClInclude Include="Value.hpp">
      <Filter>Header Files</Filter>
    </ClInclude>
    <ClInclude Include="ValueReader.hpp">
      <Filter>Header Files</Filter>
    </ClInclude>
    <ClInclude Include="ValueWriter.hpp">
      <Filter>Header Files</Filter>
    </ClInclude>
    <ClInclude Include="View.hpp">
      <Filter>Header Files</Filter>
    </ClInclude>
    <ClInclude Include="Viewable.hpp">
      <Filter>Header Files</Filter>
    </ClInclude>
  </ItemGroup>
  <ItemGroup>
    <None Include="makefile" />
  </ItemGroup>
</Project>